
Microsoft Visual Studio Solution File, Format Version 12.00
# Visual Studio Version 17
VisualStudioVersion = 17.0.31903.59
MinimumVisualStudioVersion = 10.0.40219.1
Project("{FAE04EC0-301F-11D3-BF4B-00C04F79EFBC}") = "Test", "Test\Test.csproj", "{33CC3F45-E1DA-4F77-A00B-E0C86477BC9A}"
EndProject
Project("{FAE04EC0-301F-11D3-BF4B-00C04F79EFBC}") = "Test2", "Test2\Test2.csproj", "{82D6688F-0F0A-4717-9029-BB1D07C6C459}"
EndProject
Project("{FAE04EC0-301F-11D3-BF4B-00C04F79EFBC}") = "ConsoleApp1", "ConsoleApp1\ConsoleApp1.csproj", "{868C4FBE-A05D-466D-B31C-D5A7C7FD926F}"
EndProject
Project("{FAE04EC0-301F-11D3-BF4B-00C04F79EFBC}") = "Relembrando", "Relembrando\Relembrando.csproj", "{99CA0039-702D-4ED7-AD58-812AF7923C90}"
EndProject
Project("{FAE04EC0-301F-11D3-BF4B-00C04F79EFBC}") = "Relembrando1.2", "Relembrando1.2\Relembrando1.2.csproj", "{12082298-D903-4008-8C64-E9BCF53C2F0E}"
EndProject
Project("{FAE04EC0-301F-11D3-BF4B-00C04F79EFBC}") = "Relembrando1.3", "Relembrando1.3\Relembrando1.3.csproj", "{3BDC04C3-64BF-4162-B5BE-9CB41FC45ABF}"
EndProject
Project("{FAE04EC0-301F-11D3-BF4B-00C04F79EFBC}") = "Relembrando1.4", "Relembrando1.4\Relembrando1.4.csproj", "{43C06ACA-E0F9-4A54-81A4-5B894CEE9A0B}"
EndProject
Project("{FAE04EC0-301F-11D3-BF4B-00C04F79EFBC}") = "Relembrando3.1", "Relembrando3.1\Relembrando3.1.csproj", "{741066F5-C62A-4CC9-A502-8B2A56E91483}"
EndProject
Project("{FAE04EC0-301F-11D3-BF4B-00C04F79EFBC}") = "Relembrando3.2", "Relembrando3.2\Relembrando3.2.csproj", "{9ACB4B35-ADEB-4AAB-B53B-7984630AAB15}"
EndProject
Project("{FAE04EC0-301F-11D3-BF4B-00C04F79EFBC}") = "Teste", "Teste\Teste.csproj", "{7059AA38-FBA2-4C26-8F0D-94D7CC3C95FB}"
EndProject
Project("{FAE04EC0-301F-11D3-BF4B-00C04F79EFBC}") = "Fixacao_aula18", "Fixacao_aula18\Fixacao_aula18.csproj", "{949F4AD0-C8DF-4ECF-BE4A-7B5AE3653485}"
EndProject
Project("{FAE04EC0-301F-11D3-BF4B-00C04F79EFBC}") = "Aula23_Fixacao", "Aula23_Fixacao\Aula23_Fixacao.csproj", "{CCF546F0-8857-44B1-9E47-A4936D8F6ABF}"
EndProject
Project("{FAE04EC0-301F-11D3-BF4B-00C04F79EFBC}") = "ex1_estrutura_sequencial", "ex1_estrutura_sequencial\ex1_estrutura_sequencial.csproj", "{0402DAA2-DC97-4F21-BFD7-C4B4336AAE16}"
EndProject
Project("{FAE04EC0-301F-11D3-BF4B-00C04F79EFBC}") = "ex2_estrutura_sequencial", "ex2_estrutura_sequencial\ex2_estrutura_sequencial.csproj", "{1CDA12AD-BDE6-4CF0-B900-2A53EF6748D4}"
EndProject
Project("{FAE04EC0-301F-11D3-BF4B-00C04F79EFBC}") = "ex3_estrutura_sequencial", "ex3_estrutura_sequencial\ex3_estrutura_sequencial.csproj", "{A1FC9767-1E1A-4DAB-8AED-0AA51887CB1B}"
EndProject
Project("{FAE04EC0-301F-11D3-BF4B-00C04F79EFBC}") = "ex4_estrutura_sequencial", "ex4_estrutura_sequencial\ex4_estrutura_sequencial.csproj", "{39058BFC-EAEB-4E54-A613-2E81B4BB254F}"
EndProject
Project("{FAE04EC0-301F-11D3-BF4B-00C04F79EFBC}") = "ex5_estrutura_sequencial", "ex5_estrutura_sequencial\ex5_estrutura_sequencial.csproj", "{7489542A-0141-43E0-A67A-C19904C2897E}"
EndProject
Project("{FAE04EC0-301F-11D3-BF4B-00C04F79EFBC}") = "ex6_estrutura_sequencial", "ex6_estrutura_sequencial\ex6_estrutura_sequencial.csproj", "{8B1EF656-1ED5-47D5-8E06-766037D66858}"
EndProject
Project("{FAE04EC0-301F-11D3-BF4B-00C04F79EFBC}") = "ex1_estrutura_condicional", "ex1_estrutura_condicional\ex1_estrutura_condicional.csproj", "{E587D30D-071D-426C-B7B1-A5D4FACEFDD7}"
EndProject
Project("{FAE04EC0-301F-11D3-BF4B-00C04F79EFBC}") = "ex2_estrutura_condicional", "ex2_estrutura_condicional\ex2_estrutura_condicional.csproj", "{F92FFA15-9F10-40A7-B10C-8D9F01B8D511}"
EndProject
Project("{FAE04EC0-301F-11D3-BF4B-00C04F79EFBC}") = "ex3_estrutura_condicional", "ex3_estrutura_condicional\ex3_estrutura_condicional.csproj", "{1B63A589-5312-4B8B-B97A-FE44E9B62885}"
EndProject
Project("{FAE04EC0-301F-11D3-BF4B-00C04F79EFBC}") = "ex1_estrutura_while", "ex1_estrutura_while\ex1_estrutura_while.csproj", "{4982C1AA-86BA-431D-8B48-651B62771D6D}"
EndProject
Project("{FAE04EC0-301F-11D3-BF4B-00C04F79EFBC}") = "ex2_estrutura_while", "ex2_estrutura_while\ex2_estrutura_while.csproj", "{FFE57C91-DFF2-4FF7-ACAC-992D94A0F2C9}"
EndProject
Project("{FAE04EC0-301F-11D3-BF4B-00C04F79EFBC}") = "ex3_estrutura_while", "ex3_estrutura_while\ex3_estrutura_while.csproj", "{0D3FBEF8-7892-433E-A1FF-2F5DCCECAC51}"
EndProject
Project("{FAE04EC0-301F-11D3-BF4B-00C04F79EFBC}") = "ex1_estrutura_repetitiva", "ex1_estrutura_repetitiva\ex1_estrutura_repetitiva.csproj", "{7895B64C-7B83-41F8-B09E-361BAF04CE5E}"
EndProject
Project("{FAE04EC0-301F-11D3-BF4B-00C04F79EFBC}") = "ex2_estrutura_repetitiva", "ex2_estrutura_repetitiva\ex2_estrutura_repetitiva.csproj", "{D6C11671-8470-488A-A641-DD287C3D98B4}"
EndProject
Project("{FAE04EC0-301F-11D3-BF4B-00C04F79EFBC}") = "ex3_estrutura_for", "ex3_estrutura_for\ex3_estrutura_for.csproj", "{E1703E74-3A76-49F7-A952-84DA476A48D0}"
EndProject
Project("{FAE04EC0-301F-11D3-BF4B-00C04F79EFBC}") = "Aula38_Fixacao", "Aula38_Fixacao\Aula38_Fixacao.csproj", "{71D996B2-AB85-4AA7-9732-E47614D04F2C}"
EndProject
Project("{FAE04EC0-301F-11D3-BF4B-00C04F79EFBC}") = "Aula39_Fixacao", "Aula39_Fixacao\Aula39_Fixacao.csproj", "{02D27DFD-E8EB-4F3B-B495-ED2D850F7D3D}"
EndProject
Project("{FAE04EC0-301F-11D3-BF4B-00C04F79EFBC}") = "Aula40_ex1", "Aula40_ex1\Aula40_ex1.csproj", "{43503F0C-9EE9-414A-AFBB-553E31953880}"
EndProject
Project("{FAE04EC0-301F-11D3-BF4B-00C04F79EFBC}") = "Aula40_ex2", "Aula40_ex2\Aula40_ex2.csproj", "{28155F8B-D5E5-474D-84E7-7C742174F6DD}"
EndProject
Project("{FAE04EC0-301F-11D3-BF4B-00C04F79EFBC}") = "Aula41", "Aula41\Aula41.csproj", "{15BE5894-5BC0-4A1B-A0BE-D14DECF1A20A}"
EndProject
Project("{FAE04EC0-301F-11D3-BF4B-00C04F79EFBC}") = "Aula_42", "Aula_42\Aula_42.csproj", "{577CFD67-D11E-474A-91E0-375BDA80E250}"
EndProject
Project("{FAE04EC0-301F-11D3-BF4B-00C04F79EFBC}") = "Aula43", "Aula43\Aula43.csproj", "{21DA70C4-91AA-4DE2-9239-0212A9822F66}"
EndProject
Project("{FAE04EC0-301F-11D3-BF4B-00C04F79EFBC}") = "Aula44", "Aula44\Aula44.csproj", "{4DAD4FD7-34C0-44F6-917B-C10264B3C33B}"
EndProject
Project("{FAE04EC0-301F-11D3-BF4B-00C04F79EFBC}") = "Aula45_Fixacao1", "Aula45_Fixacao1\Aula45_Fixacao1.csproj", "{96A6C6F5-1188-4C88-B89A-7D6300C7555E}"
EndProject
Project("{FAE04EC0-301F-11D3-BF4B-00C04F79EFBC}") = "Aula45_Fixacao2", "Aula45_Fixacao2\Aula45_Fixacao2.csproj", "{7F1E770F-6723-4CA3-8B27-71CAD7C488EA}"
EndProject
Project("{FAE04EC0-301F-11D3-BF4B-00C04F79EFBC}") = "Aula45_Fixacao3", "Aula45_Fixacao3\Aula45_Fixacao3.csproj", "{CD3E22EF-187E-4EF2-AAE6-52956F23A562}"
EndProject
Project("{FAE04EC0-301F-11D3-BF4B-00C04F79EFBC}") = "Aula48_Fixacao", "Aula48_Fixacao\Aula48_Fixacao.csproj", "{DA5FF6AF-E4C0-4C81-97D3-6F3FD3A9FE84}"
EndProject
Project("{FAE04EC0-301F-11D3-BF4B-00C04F79EFBC}") = "Aula55_Fixacao", "Aula55_Fixacao\Aula55_Fixacao.csproj", "{E9471B9A-0339-4281-BFE7-BC3838D41954}"
EndProject
Project("{FAE04EC0-301F-11D3-BF4B-00C04F79EFBC}") = "Aula56_Fixacao", "Aula56_Fixacao\Aula56_Fixacao.csproj", "{F3173D34-789A-46FA-B4F6-AE0BFC0373DE}"
EndProject
Project("{FAE04EC0-301F-11D3-BF4B-00C04F79EFBC}") = "Aula_57_Fixacao", "Aula_57_Fixacao\Aula_57_Fixacao.csproj", "{03AD0F67-51FF-400F-A116-A17BEADE6068}"
EndProject
Project("{FAE04EC0-301F-11D3-BF4B-00C04F79EFBC}") = "Aula57_Fixacao", "Aula57_Fixacao\Aula57_Fixacao.csproj", "{EB0DDCA4-BB7A-4CD0-993A-D8A72C3CB1C3}"
EndProject
Project("{FAE04EC0-301F-11D3-BF4B-00C04F79EFBC}") = "Aula60_Fixacao", "Aula60_Fixacao\Aula60_Fixacao.csproj", "{BDEB2DC7-60A1-462B-8C09-35367BE24255}"
EndProject
Global
	GlobalSection(SolutionConfigurationPlatforms) = preSolution
		Debug|Any CPU = Debug|Any CPU
		Release|Any CPU = Release|Any CPU
	EndGlobalSection
	GlobalSection(SolutionProperties) = preSolution
		HideSolutionNode = FALSE
	EndGlobalSection
	GlobalSection(ProjectConfigurationPlatforms) = postSolution
		{33CC3F45-E1DA-4F77-A00B-E0C86477BC9A}.Debug|Any CPU.ActiveCfg = Debug|Any CPU
		{33CC3F45-E1DA-4F77-A00B-E0C86477BC9A}.Debug|Any CPU.Build.0 = Debug|Any CPU
		{33CC3F45-E1DA-4F77-A00B-E0C86477BC9A}.Release|Any CPU.ActiveCfg = Release|Any CPU
		{33CC3F45-E1DA-4F77-A00B-E0C86477BC9A}.Release|Any CPU.Build.0 = Release|Any CPU
		{82D6688F-0F0A-4717-9029-BB1D07C6C459}.Debug|Any CPU.ActiveCfg = Debug|Any CPU
		{82D6688F-0F0A-4717-9029-BB1D07C6C459}.Debug|Any CPU.Build.0 = Debug|Any CPU
		{82D6688F-0F0A-4717-9029-BB1D07C6C459}.Release|Any CPU.ActiveCfg = Release|Any CPU
		{82D6688F-0F0A-4717-9029-BB1D07C6C459}.Release|Any CPU.Build.0 = Release|Any CPU
		{868C4FBE-A05D-466D-B31C-D5A7C7FD926F}.Debug|Any CPU.ActiveCfg = Debug|Any CPU
		{868C4FBE-A05D-466D-B31C-D5A7C7FD926F}.Debug|Any CPU.Build.0 = Debug|Any CPU
		{868C4FBE-A05D-466D-B31C-D5A7C7FD926F}.Release|Any CPU.ActiveCfg = Release|Any CPU
		{868C4FBE-A05D-466D-B31C-D5A7C7FD926F}.Release|Any CPU.Build.0 = Release|Any CPU
		{99CA0039-702D-4ED7-AD58-812AF7923C90}.Debug|Any CPU.ActiveCfg = Debug|Any CPU
		{99CA0039-702D-4ED7-AD58-812AF7923C90}.Debug|Any CPU.Build.0 = Debug|Any CPU
		{99CA0039-702D-4ED7-AD58-812AF7923C90}.Release|Any CPU.ActiveCfg = Release|Any CPU
		{99CA0039-702D-4ED7-AD58-812AF7923C90}.Release|Any CPU.Build.0 = Release|Any CPU
		{12082298-D903-4008-8C64-E9BCF53C2F0E}.Debug|Any CPU.ActiveCfg = Debug|Any CPU
		{12082298-D903-4008-8C64-E9BCF53C2F0E}.Debug|Any CPU.Build.0 = Debug|Any CPU
		{12082298-D903-4008-8C64-E9BCF53C2F0E}.Release|Any CPU.ActiveCfg = Release|Any CPU
		{12082298-D903-4008-8C64-E9BCF53C2F0E}.Release|Any CPU.Build.0 = Release|Any CPU
		{3BDC04C3-64BF-4162-B5BE-9CB41FC45ABF}.Debug|Any CPU.ActiveCfg = Debug|Any CPU
		{3BDC04C3-64BF-4162-B5BE-9CB41FC45ABF}.Debug|Any CPU.Build.0 = Debug|Any CPU
		{3BDC04C3-64BF-4162-B5BE-9CB41FC45ABF}.Release|Any CPU.ActiveCfg = Release|Any CPU
		{3BDC04C3-64BF-4162-B5BE-9CB41FC45ABF}.Release|Any CPU.Build.0 = Release|Any CPU
		{43C06ACA-E0F9-4A54-81A4-5B894CEE9A0B}.Debug|Any CPU.ActiveCfg = Debug|Any CPU
		{43C06ACA-E0F9-4A54-81A4-5B894CEE9A0B}.Debug|Any CPU.Build.0 = Debug|Any CPU
		{43C06ACA-E0F9-4A54-81A4-5B894CEE9A0B}.Release|Any CPU.ActiveCfg = Release|Any CPU
		{43C06ACA-E0F9-4A54-81A4-5B894CEE9A0B}.Release|Any CPU.Build.0 = Release|Any CPU
		{741066F5-C62A-4CC9-A502-8B2A56E91483}.Debug|Any CPU.ActiveCfg = Debug|Any CPU
		{741066F5-C62A-4CC9-A502-8B2A56E91483}.Debug|Any CPU.Build.0 = Debug|Any CPU
		{741066F5-C62A-4CC9-A502-8B2A56E91483}.Release|Any CPU.ActiveCfg = Release|Any CPU
		{741066F5-C62A-4CC9-A502-8B2A56E91483}.Release|Any CPU.Build.0 = Release|Any CPU
		{9ACB4B35-ADEB-4AAB-B53B-7984630AAB15}.Debug|Any CPU.ActiveCfg = Debug|Any CPU
		{9ACB4B35-ADEB-4AAB-B53B-7984630AAB15}.Debug|Any CPU.Build.0 = Debug|Any CPU
		{9ACB4B35-ADEB-4AAB-B53B-7984630AAB15}.Release|Any CPU.ActiveCfg = Release|Any CPU
		{9ACB4B35-ADEB-4AAB-B53B-7984630AAB15}.Release|Any CPU.Build.0 = Release|Any CPU
		{7059AA38-FBA2-4C26-8F0D-94D7CC3C95FB}.Debug|Any CPU.ActiveCfg = Debug|Any CPU
		{7059AA38-FBA2-4C26-8F0D-94D7CC3C95FB}.Debug|Any CPU.Build.0 = Debug|Any CPU
		{7059AA38-FBA2-4C26-8F0D-94D7CC3C95FB}.Release|Any CPU.ActiveCfg = Release|Any CPU
		{7059AA38-FBA2-4C26-8F0D-94D7CC3C95FB}.Release|Any CPU.Build.0 = Release|Any CPU
		{949F4AD0-C8DF-4ECF-BE4A-7B5AE3653485}.Debug|Any CPU.ActiveCfg = Debug|Any CPU
		{949F4AD0-C8DF-4ECF-BE4A-7B5AE3653485}.Debug|Any CPU.Build.0 = Debug|Any CPU
		{949F4AD0-C8DF-4ECF-BE4A-7B5AE3653485}.Release|Any CPU.ActiveCfg = Release|Any CPU
		{949F4AD0-C8DF-4ECF-BE4A-7B5AE3653485}.Release|Any CPU.Build.0 = Release|Any CPU
		{CCF546F0-8857-44B1-9E47-A4936D8F6ABF}.Debug|Any CPU.ActiveCfg = Debug|Any CPU
		{CCF546F0-8857-44B1-9E47-A4936D8F6ABF}.Debug|Any CPU.Build.0 = Debug|Any CPU
		{CCF546F0-8857-44B1-9E47-A4936D8F6ABF}.Release|Any CPU.ActiveCfg = Release|Any CPU
		{CCF546F0-8857-44B1-9E47-A4936D8F6ABF}.Release|Any CPU.Build.0 = Release|Any CPU
		{0402DAA2-DC97-4F21-BFD7-C4B4336AAE16}.Debug|Any CPU.ActiveCfg = Debug|Any CPU
		{0402DAA2-DC97-4F21-BFD7-C4B4336AAE16}.Debug|Any CPU.Build.0 = Debug|Any CPU
		{0402DAA2-DC97-4F21-BFD7-C4B4336AAE16}.Release|Any CPU.ActiveCfg = Release|Any CPU
		{0402DAA2-DC97-4F21-BFD7-C4B4336AAE16}.Release|Any CPU.Build.0 = Release|Any CPU
		{1CDA12AD-BDE6-4CF0-B900-2A53EF6748D4}.Debug|Any CPU.ActiveCfg = Debug|Any CPU
		{1CDA12AD-BDE6-4CF0-B900-2A53EF6748D4}.Debug|Any CPU.Build.0 = Debug|Any CPU
		{1CDA12AD-BDE6-4CF0-B900-2A53EF6748D4}.Release|Any CPU.ActiveCfg = Release|Any CPU
		{1CDA12AD-BDE6-4CF0-B900-2A53EF6748D4}.Release|Any CPU.Build.0 = Release|Any CPU
		{A1FC9767-1E1A-4DAB-8AED-0AA51887CB1B}.Debug|Any CPU.ActiveCfg = Debug|Any CPU
		{A1FC9767-1E1A-4DAB-8AED-0AA51887CB1B}.Debug|Any CPU.Build.0 = Debug|Any CPU
		{A1FC9767-1E1A-4DAB-8AED-0AA51887CB1B}.Release|Any CPU.ActiveCfg = Release|Any CPU
		{A1FC9767-1E1A-4DAB-8AED-0AA51887CB1B}.Release|Any CPU.Build.0 = Release|Any CPU
		{39058BFC-EAEB-4E54-A613-2E81B4BB254F}.Debug|Any CPU.ActiveCfg = Debug|Any CPU
		{39058BFC-EAEB-4E54-A613-2E81B4BB254F}.Debug|Any CPU.Build.0 = Debug|Any CPU
		{39058BFC-EAEB-4E54-A613-2E81B4BB254F}.Release|Any CPU.ActiveCfg = Release|Any CPU
		{39058BFC-EAEB-4E54-A613-2E81B4BB254F}.Release|Any CPU.Build.0 = Release|Any CPU
		{7489542A-0141-43E0-A67A-C19904C2897E}.Debug|Any CPU.ActiveCfg = Debug|Any CPU
		{7489542A-0141-43E0-A67A-C19904C2897E}.Debug|Any CPU.Build.0 = Debug|Any CPU
		{7489542A-0141-43E0-A67A-C19904C2897E}.Release|Any CPU.ActiveCfg = Release|Any CPU
		{7489542A-0141-43E0-A67A-C19904C2897E}.Release|Any CPU.Build.0 = Release|Any CPU
		{8B1EF656-1ED5-47D5-8E06-766037D66858}.Debug|Any CPU.ActiveCfg = Debug|Any CPU
		{8B1EF656-1ED5-47D5-8E06-766037D66858}.Debug|Any CPU.Build.0 = Debug|Any CPU
		{8B1EF656-1ED5-47D5-8E06-766037D66858}.Release|Any CPU.ActiveCfg = Release|Any CPU
		{8B1EF656-1ED5-47D5-8E06-766037D66858}.Release|Any CPU.Build.0 = Release|Any CPU
		{E587D30D-071D-426C-B7B1-A5D4FACEFDD7}.Debug|Any CPU.ActiveCfg = Debug|Any CPU
		{E587D30D-071D-426C-B7B1-A5D4FACEFDD7}.Debug|Any CPU.Build.0 = Debug|Any CPU
		{E587D30D-071D-426C-B7B1-A5D4FACEFDD7}.Release|Any CPU.ActiveCfg = Release|Any CPU
		{E587D30D-071D-426C-B7B1-A5D4FACEFDD7}.Release|Any CPU.Build.0 = Release|Any CPU
		{F92FFA15-9F10-40A7-B10C-8D9F01B8D511}.Debug|Any CPU.ActiveCfg = Debug|Any CPU
		{F92FFA15-9F10-40A7-B10C-8D9F01B8D511}.Debug|Any CPU.Build.0 = Debug|Any CPU
		{F92FFA15-9F10-40A7-B10C-8D9F01B8D511}.Release|Any CPU.ActiveCfg = Release|Any CPU
		{F92FFA15-9F10-40A7-B10C-8D9F01B8D511}.Release|Any CPU.Build.0 = Release|Any CPU
		{1B63A589-5312-4B8B-B97A-FE44E9B62885}.Debug|Any CPU.ActiveCfg = Debug|Any CPU
		{1B63A589-5312-4B8B-B97A-FE44E9B62885}.Debug|Any CPU.Build.0 = Debug|Any CPU
		{1B63A589-5312-4B8B-B97A-FE44E9B62885}.Release|Any CPU.ActiveCfg = Release|Any CPU
		{1B63A589-5312-4B8B-B97A-FE44E9B62885}.Release|Any CPU.Build.0 = Release|Any CPU
		{4982C1AA-86BA-431D-8B48-651B62771D6D}.Debug|Any CPU.ActiveCfg = Debug|Any CPU
		{4982C1AA-86BA-431D-8B48-651B62771D6D}.Debug|Any CPU.Build.0 = Debug|Any CPU
		{4982C1AA-86BA-431D-8B48-651B62771D6D}.Release|Any CPU.ActiveCfg = Release|Any CPU
		{4982C1AA-86BA-431D-8B48-651B62771D6D}.Release|Any CPU.Build.0 = Release|Any CPU
		{FFE57C91-DFF2-4FF7-ACAC-992D94A0F2C9}.Debug|Any CPU.ActiveCfg = Debug|Any CPU
		{FFE57C91-DFF2-4FF7-ACAC-992D94A0F2C9}.Debug|Any CPU.Build.0 = Debug|Any CPU
		{FFE57C91-DFF2-4FF7-ACAC-992D94A0F2C9}.Release|Any CPU.ActiveCfg = Release|Any CPU
		{FFE57C91-DFF2-4FF7-ACAC-992D94A0F2C9}.Release|Any CPU.Build.0 = Release|Any CPU
		{0D3FBEF8-7892-433E-A1FF-2F5DCCECAC51}.Debug|Any CPU.ActiveCfg = Debug|Any CPU
		{0D3FBEF8-7892-433E-A1FF-2F5DCCECAC51}.Debug|Any CPU.Build.0 = Debug|Any CPU
		{0D3FBEF8-7892-433E-A1FF-2F5DCCECAC51}.Release|Any CPU.ActiveCfg = Release|Any CPU
		{0D3FBEF8-7892-433E-A1FF-2F5DCCECAC51}.Release|Any CPU.Build.0 = Release|Any CPU
		{7895B64C-7B83-41F8-B09E-361BAF04CE5E}.Debug|Any CPU.ActiveCfg = Debug|Any CPU
		{7895B64C-7B83-41F8-B09E-361BAF04CE5E}.Debug|Any CPU.Build.0 = Debug|Any CPU
		{7895B64C-7B83-41F8-B09E-361BAF04CE5E}.Release|Any CPU.ActiveCfg = Release|Any CPU
		{7895B64C-7B83-41F8-B09E-361BAF04CE5E}.Release|Any CPU.Build.0 = Release|Any CPU
		{D6C11671-8470-488A-A641-DD287C3D98B4}.Debug|Any CPU.ActiveCfg = Debug|Any CPU
		{D6C11671-8470-488A-A641-DD287C3D98B4}.Debug|Any CPU.Build.0 = Debug|Any CPU
		{D6C11671-8470-488A-A641-DD287C3D98B4}.Release|Any CPU.ActiveCfg = Release|Any CPU
		{D6C11671-8470-488A-A641-DD287C3D98B4}.Release|Any CPU.Build.0 = Release|Any CPU
		{E1703E74-3A76-49F7-A952-84DA476A48D0}.Debug|Any CPU.ActiveCfg = Debug|Any CPU
		{E1703E74-3A76-49F7-A952-84DA476A48D0}.Debug|Any CPU.Build.0 = Debug|Any CPU
		{E1703E74-3A76-49F7-A952-84DA476A48D0}.Release|Any CPU.ActiveCfg = Release|Any CPU
		{E1703E74-3A76-49F7-A952-84DA476A48D0}.Release|Any CPU.Build.0 = Release|Any CPU
		{71D996B2-AB85-4AA7-9732-E47614D04F2C}.Debug|Any CPU.ActiveCfg = Debug|Any CPU
		{71D996B2-AB85-4AA7-9732-E47614D04F2C}.Debug|Any CPU.Build.0 = Debug|Any CPU
		{71D996B2-AB85-4AA7-9732-E47614D04F2C}.Release|Any CPU.ActiveCfg = Release|Any CPU
		{71D996B2-AB85-4AA7-9732-E47614D04F2C}.Release|Any CPU.Build.0 = Release|Any CPU
		{02D27DFD-E8EB-4F3B-B495-ED2D850F7D3D}.Debug|Any CPU.ActiveCfg = Debug|Any CPU
		{02D27DFD-E8EB-4F3B-B495-ED2D850F7D3D}.Debug|Any CPU.Build.0 = Debug|Any CPU
		{02D27DFD-E8EB-4F3B-B495-ED2D850F7D3D}.Release|Any CPU.ActiveCfg = Release|Any CPU
		{02D27DFD-E8EB-4F3B-B495-ED2D850F7D3D}.Release|Any CPU.Build.0 = Release|Any CPU
		{43503F0C-9EE9-414A-AFBB-553E31953880}.Debug|Any CPU.ActiveCfg = Debug|Any CPU
		{43503F0C-9EE9-414A-AFBB-553E31953880}.Debug|Any CPU.Build.0 = Debug|Any CPU
		{43503F0C-9EE9-414A-AFBB-553E31953880}.Release|Any CPU.ActiveCfg = Release|Any CPU
		{43503F0C-9EE9-414A-AFBB-553E31953880}.Release|Any CPU.Build.0 = Release|Any CPU
		{28155F8B-D5E5-474D-84E7-7C742174F6DD}.Debug|Any CPU.ActiveCfg = Debug|Any CPU
		{28155F8B-D5E5-474D-84E7-7C742174F6DD}.Debug|Any CPU.Build.0 = Debug|Any CPU
		{28155F8B-D5E5-474D-84E7-7C742174F6DD}.Release|Any CPU.ActiveCfg = Release|Any CPU
		{28155F8B-D5E5-474D-84E7-7C742174F6DD}.Release|Any CPU.Build.0 = Release|Any CPU
		{15BE5894-5BC0-4A1B-A0BE-D14DECF1A20A}.Debug|Any CPU.ActiveCfg = Debug|Any CPU
		{15BE5894-5BC0-4A1B-A0BE-D14DECF1A20A}.Debug|Any CPU.Build.0 = Debug|Any CPU
		{15BE5894-5BC0-4A1B-A0BE-D14DECF1A20A}.Release|Any CPU.ActiveCfg = Release|Any CPU
		{15BE5894-5BC0-4A1B-A0BE-D14DECF1A20A}.Release|Any CPU.Build.0 = Release|Any CPU
		{577CFD67-D11E-474A-91E0-375BDA80E250}.Debug|Any CPU.ActiveCfg = Debug|Any CPU
		{577CFD67-D11E-474A-91E0-375BDA80E250}.Debug|Any CPU.Build.0 = Debug|Any CPU
		{577CFD67-D11E-474A-91E0-375BDA80E250}.Release|Any CPU.ActiveCfg = Release|Any CPU
		{577CFD67-D11E-474A-91E0-375BDA80E250}.Release|Any CPU.Build.0 = Release|Any CPU
		{21DA70C4-91AA-4DE2-9239-0212A9822F66}.Debug|Any CPU.ActiveCfg = Debug|Any CPU
		{21DA70C4-91AA-4DE2-9239-0212A9822F66}.Debug|Any CPU.Build.0 = Debug|Any CPU
		{21DA70C4-91AA-4DE2-9239-0212A9822F66}.Release|Any CPU.ActiveCfg = Release|Any CPU
		{21DA70C4-91AA-4DE2-9239-0212A9822F66}.Release|Any CPU.Build.0 = Release|Any CPU
		{4DAD4FD7-34C0-44F6-917B-C10264B3C33B}.Debug|Any CPU.ActiveCfg = Debug|Any CPU
		{4DAD4FD7-34C0-44F6-917B-C10264B3C33B}.Debug|Any CPU.Build.0 = Debug|Any CPU
		{4DAD4FD7-34C0-44F6-917B-C10264B3C33B}.Release|Any CPU.ActiveCfg = Release|Any CPU
		{4DAD4FD7-34C0-44F6-917B-C10264B3C33B}.Release|Any CPU.Build.0 = Release|Any CPU
		{96A6C6F5-1188-4C88-B89A-7D6300C7555E}.Debug|Any CPU.ActiveCfg = Debug|Any CPU
		{96A6C6F5-1188-4C88-B89A-7D6300C7555E}.Debug|Any CPU.Build.0 = Debug|Any CPU
		{96A6C6F5-1188-4C88-B89A-7D6300C7555E}.Release|Any CPU.ActiveCfg = Release|Any CPU
		{96A6C6F5-1188-4C88-B89A-7D6300C7555E}.Release|Any CPU.Build.0 = Release|Any CPU
		{7F1E770F-6723-4CA3-8B27-71CAD7C488EA}.Debug|Any CPU.ActiveCfg = Debug|Any CPU
		{7F1E770F-6723-4CA3-8B27-71CAD7C488EA}.Debug|Any CPU.Build.0 = Debug|Any CPU
		{7F1E770F-6723-4CA3-8B27-71CAD7C488EA}.Release|Any CPU.ActiveCfg = Release|Any CPU
		{7F1E770F-6723-4CA3-8B27-71CAD7C488EA}.Release|Any CPU.Build.0 = Release|Any CPU
		{CD3E22EF-187E-4EF2-AAE6-52956F23A562}.Debug|Any CPU.ActiveCfg = Debug|Any CPU
		{CD3E22EF-187E-4EF2-AAE6-52956F23A562}.Debug|Any CPU.Build.0 = Debug|Any CPU
		{CD3E22EF-187E-4EF2-AAE6-52956F23A562}.Release|Any CPU.ActiveCfg = Release|Any CPU
		{CD3E22EF-187E-4EF2-AAE6-52956F23A562}.Release|Any CPU.Build.0 = Release|Any CPU
		{DA5FF6AF-E4C0-4C81-97D3-6F3FD3A9FE84}.Debug|Any CPU.ActiveCfg = Debug|Any CPU
		{DA5FF6AF-E4C0-4C81-97D3-6F3FD3A9FE84}.Debug|Any CPU.Build.0 = Debug|Any CPU
		{DA5FF6AF-E4C0-4C81-97D3-6F3FD3A9FE84}.Release|Any CPU.ActiveCfg = Release|Any CPU
		{DA5FF6AF-E4C0-4C81-97D3-6F3FD3A9FE84}.Release|Any CPU.Build.0 = Release|Any CPU
		{E9471B9A-0339-4281-BFE7-BC3838D41954}.Debug|Any CPU.ActiveCfg = Debug|Any CPU
		{E9471B9A-0339-4281-BFE7-BC3838D41954}.Debug|Any CPU.Build.0 = Debug|Any CPU
		{E9471B9A-0339-4281-BFE7-BC3838D41954}.Release|Any CPU.ActiveCfg = Release|Any CPU
		{E9471B9A-0339-4281-BFE7-BC3838D41954}.Release|Any CPU.Build.0 = Release|Any CPU
		{F3173D34-789A-46FA-B4F6-AE0BFC0373DE}.Debug|Any CPU.ActiveCfg = Debug|Any CPU
		{F3173D34-789A-46FA-B4F6-AE0BFC0373DE}.Debug|Any CPU.Build.0 = Debug|Any CPU
		{F3173D34-789A-46FA-B4F6-AE0BFC0373DE}.Release|Any CPU.ActiveCfg = Release|Any CPU
		{F3173D34-789A-46FA-B4F6-AE0BFC0373DE}.Release|Any CPU.Build.0 = Release|Any CPU
		{03AD0F67-51FF-400F-A116-A17BEADE6068}.Debug|Any CPU.ActiveCfg = Debug|Any CPU
		{03AD0F67-51FF-400F-A116-A17BEADE6068}.Debug|Any CPU.Build.0 = Debug|Any CPU
		{03AD0F67-51FF-400F-A116-A17BEADE6068}.Release|Any CPU.ActiveCfg = Release|Any CPU
		{03AD0F67-51FF-400F-A116-A17BEADE6068}.Release|Any CPU.Build.0 = Release|Any CPU
		{EB0DDCA4-BB7A-4CD0-993A-D8A72C3CB1C3}.Debug|Any CPU.ActiveCfg = Debug|Any CPU
		{EB0DDCA4-BB7A-4CD0-993A-D8A72C3CB1C3}.Debug|Any CPU.Build.0 = Debug|Any CPU
		{EB0DDCA4-BB7A-4CD0-993A-D8A72C3CB1C3}.Release|Any CPU.ActiveCfg = Release|Any CPU
		{EB0DDCA4-BB7A-4CD0-993A-D8A72C3CB1C3}.Release|Any CPU.Build.0 = Release|Any CPU
		{BDEB2DC7-60A1-462B-8C09-35367BE24255}.Debug|Any CPU.ActiveCfg = Debug|Any CPU
		{BDEB2DC7-60A1-462B-8C09-35367BE24255}.Debug|Any CPU.Build.0 = Debug|Any CPU
		{BDEB2DC7-60A1-462B-8C09-35367BE24255}.Release|Any CPU.ActiveCfg = Release|Any CPU
		{BDEB2DC7-60A1-462B-8C09-35367BE24255}.Release|Any CPU.Build.0 = Release|Any CPU
	EndGlobalSection
EndGlobal
