
Microsoft Visual Studio Solution File, Format Version 12.00
# Visual Studio Version 17
VisualStudioVersion = 17.12.35707.178 d17.12
MinimumVisualStudioVersion = 10.0.40219.1
Project("{FAE04EC0-301F-11D3-BF4B-00C04F79EFBC}") = "Aula172_ExLINQ", "Aula172_ExLINQ\Aula172_ExLINQ.csproj", "{DB6CBAFD-82D6-4812-B4FF-1EB7197135DF}"
EndProject
Global
	GlobalSection(SolutionConfigurationPlatforms) = preSolution
		Debug|Any CPU = Debug|Any CPU
		Release|Any CPU = Release|Any CPU
	EndGlobalSection
	GlobalSection(ProjectConfigurationPlatforms) = postSolution
		{DB6CBAFD-82D6-4812-B4FF-1EB7197135DF}.Debug|Any CPU.ActiveCfg = Debug|Any CPU
		{DB6CBAFD-82D6-4812-B4FF-1EB7197135DF}.Debug|Any CPU.Build.0 = Debug|Any CPU
		{DB6CBAFD-82D6-4812-B4FF-1EB7197135DF}.Release|Any CPU.ActiveCfg = Release|Any CPU
		{DB6CBAFD-82D6-4812-B4FF-1EB7197135DF}.Release|Any CPU.Build.0 = Release|Any CPU
	EndGlobalSection
	GlobalSection(SolutionProperties) = preSolution
		HideSolutionNode = FALSE
	EndGlobalSection
EndGlobal
